
Microsoft Visual Studio Solution File, Format Version 12.00
# Visual Studio 15
VisualStudioVersion = 15.0.28307.438
MinimumVisualStudioVersion = 10.0.40219.1
Project("{FAE04EC0-301F-11D3-BF4B-00C04F79EFBC}") = "SimpleWPFApp", "SimpleWPFApp\SimpleWPFApp.csproj", "{92A83CEA-1919-4057-B5B1-CB5473365600}"
EndProject
Project("{FAE04EC0-301F-11D3-BF4B-00C04F79EFBC}") = "CodedUITestProject2", "CodedUITestProject2\CodedUITestProject2.csproj", "{5B1FA160-0A27-43E8-8F0A-5D5BB4CE41EF}"
EndProject
Global
	GlobalSection(SolutionConfigurationPlatforms) = preSolution
		Debug|Any CPU = Debug|Any CPU
		Release|Any CPU = Release|Any CPU
	EndGlobalSection
	GlobalSection(ProjectConfigurationPlatforms) = postSolution
		{92A83CEA-1919-4057-B5B1-CB5473365600}.Debug|Any CPU.ActiveCfg = Debug|Any CPU
		{92A83CEA-1919-4057-B5B1-CB5473365600}.Debug|Any CPU.Build.0 = Debug|Any CPU
		{92A83CEA-1919-4057-B5B1-CB5473365600}.Release|Any CPU.ActiveCfg = Release|Any CPU
		{92A83CEA-1919-4057-B5B1-CB5473365600}.Release|Any CPU.Build.0 = Release|Any CPU
		{5B1FA160-0A27-43E8-8F0A-5D5BB4CE41EF}.Debug|Any CPU.ActiveCfg = Debug|Any CPU
		{5B1FA160-0A27-43E8-8F0A-5D5BB4CE41EF}.Debug|Any CPU.Build.0 = Debug|Any CPU
		{5B1FA160-0A27-43E8-8F0A-5D5BB4CE41EF}.Release|Any CPU.ActiveCfg = Release|Any CPU
		{5B1FA160-0A27-43E8-8F0A-5D5BB4CE41EF}.Release|Any CPU.Build.0 = Release|Any CPU
	EndGlobalSection
	GlobalSection(SolutionProperties) = preSolution
		HideSolutionNode = FALSE
	EndGlobalSection
	GlobalSection(ExtensibilityGlobals) = postSolution
		SolutionGuid = {2684BB79-7D2A-4C79-BB39-AC2D4B36CAE8}
	EndGlobalSection
EndGlobal
